
Microsoft Visual Studio Solution File, Format Version 12.00
# Visual Studio Version 17
VisualStudioVersion = 17.0.31903.59
MinimumVisualStudioVersion = 10.0.40219.1
Project("{FAE04EC0-301F-11D3-BF4B-00C04F79EFBC}") = "API", "API\API.csproj", "{1BBA0807-13E2-4045-B852-12AD2FE96AB2}"
EndProject
Project("{FAE04EC0-301F-11D3-BF4B-00C04F79EFBC}") = "Core", "Core\Core.csproj", "{ED606007-B27C-4DB1-9FE2-40DADC9D4957}"
EndProject
Project("{FAE04EC0-301F-11D3-BF4B-00C04F79EFBC}") = "Infrastructure", "Infrastructure\Infrastructure.csproj", "{74C88379-1F44-4054-90C0-FD7AD7079E38}"
EndProject
Global
	GlobalSection(SolutionConfigurationPlatforms) = preSolution
		Debug|Any CPU = Debug|Any CPU
		Debug|x64 = Debug|x64
		Debug|x86 = Debug|x86
		Release|Any CPU = Release|Any CPU
		Release|x64 = Release|x64
		Release|x86 = Release|x86
	EndGlobalSection
	GlobalSection(ProjectConfigurationPlatforms) = postSolution
		{1BBA0807-13E2-4045-B852-12AD2FE96AB2}.Debug|Any CPU.ActiveCfg = Debug|Any CPU
		{1BBA0807-13E2-4045-B852-12AD2FE96AB2}.Debug|Any CPU.Build.0 = Debug|Any CPU
		{1BBA0807-13E2-4045-B852-12AD2FE96AB2}.Debug|x64.ActiveCfg = Debug|Any CPU
		{1BBA0807-13E2-4045-B852-12AD2FE96AB2}.Debug|x64.Build.0 = Debug|Any CPU
		{1BBA0807-13E2-4045-B852-12AD2FE96AB2}.Debug|x86.ActiveCfg = Debug|Any CPU
		{1BBA0807-13E2-4045-B852-12AD2FE96AB2}.Debug|x86.Build.0 = Debug|Any CPU
		{1BBA0807-13E2-4045-B852-12AD2FE96AB2}.Release|Any CPU.ActiveCfg = Release|Any CPU
		{1BBA0807-13E2-4045-B852-12AD2FE96AB2}.Release|Any CPU.Build.0 = Release|Any CPU
		{1BBA0807-13E2-4045-B852-12AD2FE96AB2}.Release|x64.ActiveCfg = Release|Any CPU
		{1BBA0807-13E2-4045-B852-12AD2FE96AB2}.Release|x64.Build.0 = Release|Any CPU
		{1BBA0807-13E2-4045-B852-12AD2FE96AB2}.Release|x86.ActiveCfg = Release|Any CPU
		{1BBA0807-13E2-4045-B852-12AD2FE96AB2}.Release|x86.Build.0 = Release|Any CPU
		{ED606007-B27C-4DB1-9FE2-40DADC9D4957}.Debug|Any CPU.ActiveCfg = Debug|Any CPU
		{ED606007-B27C-4DB1-9FE2-40DADC9D4957}.Debug|Any CPU.Build.0 = Debug|Any CPU
		{ED606007-B27C-4DB1-9FE2-40DADC9D4957}.Debug|x64.ActiveCfg = Debug|Any CPU
		{ED606007-B27C-4DB1-9FE2-40DADC9D4957}.Debug|x64.Build.0 = Debug|Any CPU
		{ED606007-B27C-4DB1-9FE2-40DADC9D4957}.Debug|x86.ActiveCfg = Debug|Any CPU
		{ED606007-B27C-4DB1-9FE2-40DADC9D4957}.Debug|x86.Build.0 = Debug|Any CPU
		{ED606007-B27C-4DB1-9FE2-40DADC9D4957}.Release|Any CPU.ActiveCfg = Release|Any CPU
		{ED606007-B27C-4DB1-9FE2-40DADC9D4957}.Release|Any CPU.Build.0 = Release|Any CPU
		{ED606007-B27C-4DB1-9FE2-40DADC9D4957}.Release|x64.ActiveCfg = Release|Any CPU
		{ED606007-B27C-4DB1-9FE2-40DADC9D4957}.Release|x64.Build.0 = Release|Any CPU
		{ED606007-B27C-4DB1-9FE2-40DADC9D4957}.Release|x86.ActiveCfg = Release|Any CPU
		{ED606007-B27C-4DB1-9FE2-40DADC9D4957}.Release|x86.Build.0 = Release|Any CPU
		{74C88379-1F44-4054-90C0-FD7AD7079E38}.Debug|Any CPU.ActiveCfg = Debug|Any CPU
		{74C88379-1F44-4054-90C0-FD7AD7079E38}.Debug|Any CPU.Build.0 = Debug|Any CPU
		{74C88379-1F44-4054-90C0-FD7AD7079E38}.Debug|x64.ActiveCfg = Debug|Any CPU
		{74C88379-1F44-4054-90C0-FD7AD7079E38}.Debug|x64.Build.0 = Debug|Any CPU
		{74C88379-1F44-4054-90C0-FD7AD7079E38}.Debug|x86.ActiveCfg = Debug|Any CPU
		{74C88379-1F44-4054-90C0-FD7AD7079E38}.Debug|x86.Build.0 = Debug|Any CPU
		{74C88379-1F44-4054-90C0-FD7AD7079E38}.Release|Any CPU.ActiveCfg = Release|Any CPU
		{74C88379-1F44-4054-90C0-FD7AD7079E38}.Release|Any CPU.Build.0 = Release|Any CPU
		{74C88379-1F44-4054-90C0-FD7AD7079E38}.Release|x64.ActiveCfg = Release|Any CPU
		{74C88379-1F44-4054-90C0-FD7AD7079E38}.Release|x64.Build.0 = Release|Any CPU
		{74C88379-1F44-4054-90C0-FD7AD7079E38}.Release|x86.ActiveCfg = Release|Any CPU
		{74C88379-1F44-4054-90C0-FD7AD7079E38}.Release|x86.Build.0 = Release|Any CPU
	EndGlobalSection
	GlobalSection(SolutionProperties) = preSolution
		HideSolutionNode = FALSE
	EndGlobalSection
EndGlobal
